// !$*UTF8*$!
{
	archiveVersion = 1;
	classes = {
	};
	objectVersion = 46;
	objects = {

/* Begin PBXBuildFile section */
		F613BA0A1BC18CA20018B101 /* main.m in Sources */ = {isa = PBXBuildFile; fileRef = F613BA091BC18CA20018B101 /* main.m */; };
		F613BA0D1BC18CA20018B101 /* AppDelegate.m in Sources */ = {isa = PBXBuildFile; fileRef = F613BA0C1BC18CA20018B101 /* AppDelegate.m */; };
		F613BA101BC18CA20018B101 /* ViewController.m in Sources */ = {isa = PBXBuildFile; fileRef = F613BA0F1BC18CA20018B101 /* ViewController.m */; };
		F613BA131BC18CA20018B101 /* Main.storyboard in Resources */ = {isa = PBXBuildFile; fileRef = F613BA111BC18CA20018B101 /* Main.storyboard */; };
		F613BA151BC18CA20018B101 /* Images.xcassets in Resources */ = {isa = PBXBuildFile; fileRef = F613BA141BC18CA20018B101 /* Images.xcassets */; };
		F613BA181BC18CA20018B101 /* LaunchScreen.xib in Resources */ = {isa = PBXBuildFile; fileRef = F613BA161BC18CA20018B101 /* LaunchScreen.xib */; };
		F613BA241BC18CA20018B101 /* TipSubmissionTests.m in Sources */ = {isa = PBXBuildFile; fileRef = F613BA231BC18CA20018B101 /* TipSubmissionTests.m */; };
/* End PBXBuildFile section */

/* Begin PBXContainerItemProxy section */
		F613BA1E1BC18CA20018B101 /* PBXContainerItemProxy */ = {
			isa = PBXContainerItemProxy;
			containerPortal = F613B9FC1BC18CA20018B101 /* Project object */;
			proxyType = 1;
			remoteGlobalIDString = F613BA031BC18CA20018B101;
			remoteInfo = TipSubmission;
		};
/* End PBXContainerItemProxy section */

/* Begin PBXFileReference section */
		F613BA041BC18CA20018B101 /* TipSubmission.app */ = {isa = PBXFileReference; explicitFileType = wrapper.application; includeInIndex = 0; path = TipSubmission.app; sourceTree = BUILT_PRODUCTS_DIR; };
		F613BA081BC18CA20018B101 /* Info.plist */ = {isa = PBXFileReference; lastKnownFileType = text.plist.xml; path = Info.plist; sourceTree = "<group>"; };
		F613BA091BC18CA20018B101 /* main.m */ = {isa = PBXFileReference; lastKnownFileType = sourcecode.c.objc; path = main.m; sourceTree = "<group>"; };
		F613BA0B1BC18CA20018B101 /* AppDelegate.h */ = {isa = PBXFileReference; lastKnownFileType = sourcecode.c.h; path = AppDelegate.h; sourceTree = "<group>"; };
		F613BA0C1BC18CA20018B101 /* AppDelegate.m */ = {isa = PBXFileReference; lastKnownFileType = sourcecode.c.objc; path = AppDelegate.m; sourceTree = "<group>"; };
		F613BA0E1BC18CA20018B101 /* ViewController.h */ = {isa = PBXFileReference; lastKnownFileType = sourcecode.c.h; path = ViewController.h; sourceTree = "<group>"; };
		F613BA0F1BC18CA20018B101 /* ViewController.m */ = {isa = PBXFileReference; lastKnownFileType = sourcecode.c.objc; path = ViewController.m; sourceTree = "<group>"; };
		F613BA121BC18CA20018B101 /* Base */ = {isa = PBXFileReference; lastKnownFileType = file.storyboard; name = Base; path = Base.lproj/Main.storyboard; sourceTree = "<group>"; };
		F613BA141BC18CA20018B101 /* Images.xcassets */ = {isa = PBXFileReference; lastKnownFileType = folder.assetcatalog; path = Images.xcassets; sourceTree = "<group>"; };
		F613BA171BC18CA20018B101 /* Base */ = {isa = PBXFileReference; lastKnownFileType = file.xib; name = Base; path = Base.lproj/LaunchScreen.xib; sourceTree = "<group>"; };
		F613BA1D1BC18CA20018B101 /* TipSubmissionTests.xctest */ = {isa = PBXFileReference; explicitFileType = wrapper.cfbundle; includeInIndex = 0; path = TipSubmissionTests.xctest; sourceTree = BUILT_PRODUCTS_DIR; };
		F613BA221BC18CA20018B101 /* Info.plist */ = {isa = PBXFileReference; lastKnownFileType = text.plist.xml; path = Info.plist; sourceTree = "<group>"; };
		F613BA231BC18CA20018B101 /* TipSubmissionTests.m */ = {isa = PBXFileReference; lastKnownFileType = sourcecode.c.objc; path = TipSubmissionTests.m; sourceTree = "<group>"; };
/* End PBXFileReference section */

/* Begin PBXFrameworksBuildPhase section */
		F613BA011BC18CA20018B101 /* Frameworks */ = {
			isa = PBXFrameworksBuildPhase;
			buildActionMask = 2147483647;
			files = (
			);
			runOnlyForDeploymentPostprocessing = 0;
		};
		F613BA1A1BC18CA20018B101 /* Frameworks */ = {
			isa = PBXFrameworksBuildPhase;
			buildActionMask = 2147483647;
			files = (
			);
			runOnlyForDeploymentPostprocessing = 0;
		};
/* End PBXFrameworksBuildPhase section */

/* Begin PBXGroup section */
		F613B9FB1BC18CA20018B101 = {
			isa = PBXGroup;
			children = (
				F613BA061BC18CA20018B101 /* TipSubmission */,
				F613BA201BC18CA20018B101 /* TipSubmissionTests */,
				F613BA051BC18CA20018B101 /* Products */,
			);
			sourceTree = "<group>";
		};
		F613BA051BC18CA20018B101 /* Products */ = {
			isa = PBXGroup;
			children = (
				F613BA041BC18CA20018B101 /* TipSubmission.app */,
				F613BA1D1BC18CA20018B101 /* TipSubmissionTests.xctest */,
			);
			name = Products;
			sourceTree = "<group>";
		};
		F613BA061BC18CA20018B101 /* TipSubmission */ = {
			isa = PBXGroup;
			children = (
				F613BA0B1BC18CA20018B101 /* AppDelegate.h */,
				F613BA0C1BC18CA20018B101 /* AppDelegate.m */,
				F613BA0E1BC18CA20018B101 /* ViewController.h */,
				F613BA0F1BC18CA20018B101 /* ViewController.m */,
				F613BA111BC18CA20018B101 /* Main.storyboard */,
				F613BA141BC18CA20018B101 /* Images.xcassets */,
				F613BA161BC18CA20018B101 /* LaunchScreen.xib */,
				F613BA071BC18CA20018B101 /* Supporting Files */,
			);
			path = TipSubmission;
			sourceTree = "<group>";
		};
		F613BA071BC18CA20018B101 /* Supporting Files */ = {
			isa = PBXGroup;
			children = (
				F613BA081BC18CA20018B101 /* Info.plist */,
				F613BA091BC18CA20018B101 /* main.m */,
			);
			name = "Supporting Files";
			sourceTree = "<group>";
		};
		F613BA201BC18CA20018B101 /* TipSubmissionTests */ = {
			isa = PBXGroup;
			children = (
				F613BA231BC18CA20018B101 /* TipSubmissionTests.m */,
				F613BA211BC18CA20018B101 /* Supporting Files */,
			);
			path = TipSubmissionTests;
			sourceTree = "<group>";
		};
		F613BA211BC18CA20018B101 /* Supporting Files */ = {
			isa = PBXGroup;
			children = (
				F613BA221BC18CA20018B101 /* Info.plist */,
			);
			name = "Supporting Files";
			sourceTree = "<group>";
		};
/* End PBXGroup section */

/* Begin PBXNativeTarget section */
		F613BA031BC18CA20018B101 /* TipSubmission */ = {
			isa = PBXNativeTarget;
			buildConfigurationList = F613BA271BC18CA20018B101 /* Build configuration list for PBXNativeTarget "TipSubmission" */;
			buildPhases = (
				F613BA001BC18CA20018B101 /* Sources */,
				F613BA011BC18CA20018B101 /* Frameworks */,
				F613BA021BC18CA20018B101 /* Resources */,
			);
			buildRules = (
			);
			dependencies = (
			);
			name = TipSubmission;
			productName = TipSubmission;
			productReference = F613BA041BC18CA20018B101 /* TipSubmission.app */;
			productType = "com.apple.product-type.application";
		};
		F613BA1C1BC18CA20018B101 /* TipSubmissionTests */ = {
			isa = PBXNativeTarget;
			buildConfigurationList = F613BA2A1BC18CA20018B101 /* Build configuration list for PBXNativeTarget "TipSubmissionTests" */;
			buildPhases = (
				F613BA191BC18CA20018B101 /* Sources */,
				F613BA1A1BC18CA20018B101 /* Frameworks */,
				F613BA1B1BC18CA20018B101 /* Resources */,
			);
			buildRules = (
			);
			dependencies = (
				F613BA1F1BC18CA20018B101 /* PBXTargetDependency */,
			);
			name = TipSubmissionTests;
			productName = TipSubmissionTests;
			productReference = F613BA1D1BC18CA20018B101 /* TipSubmissionTests.xctest */;
			productType = "com.apple.product-type.bundle.unit-test";
		};
/* End PBXNativeTarget section */

/* Begin PBXProject section */
		F613B9FC1BC18CA20018B101 /* Project object */ = {
			isa = PBXProject;
			attributes = {
				LastUpgradeCheck = 0620;
				ORGANIZATIONNAME = "Swaminathan Balu";
				TargetAttributes = {
					F613BA031BC18CA20018B101 = {
						CreatedOnToolsVersion = 6.2;
					};
					F613BA1C1BC18CA20018B101 = {
						CreatedOnToolsVersion = 6.2;
						TestTargetID = F613BA031BC18CA20018B101;
					};
				};
			};
			buildConfigurationList = F613B9FF1BC18CA20018B101 /* Build configuration list for PBXProject "TipSubmission" */;
			compatibilityVersion = "Xcode 3.2";
			developmentRegion = English;
			hasScannedForEncodings = 0;
			knownRegions = (
				en,
				Base,
			);
			mainGroup = F613B9FB1BC18CA20018B101;
			productRefGroup = F613BA051BC18CA20018B101 /* Products */;
			projectDirPath = "";
			projectRoot = "";
			targets = (
				F613BA031BC18CA20018B101 /* TipSubmission */,
				F613BA1C1BC18CA20018B101 /* TipSubmissionTests */,
			);
		};
/* End PBXProject section */

/* Begin PBXResourcesBuildPhase section */
		F613BA021BC18CA20018B101 /* Resources */ = {
			isa = PBXResourcesBuildPhase;
			buildActionMask = 2147483647;
			files = (
				F613BA131BC18CA20018B101 /* Main.storyboard in Resources */,
				F613BA181BC18CA20018B101 /* LaunchScreen.xib in Resources */,
				F613BA151BC18CA20018B101 /* Images.xcassets in Resources */,
			);
			runOnlyForDeploymentPostprocessing = 0;
		};
		F613BA1B1BC18CA20018B101 /* Resources */ = {
			isa = PBXResourcesBuildPhase;
			buildActionMask = 2147483647;
			files = (
			);
			runOnlyForDeploymentPostprocessing = 0;
		};
/* End PBXResourcesBuildPhase section */

/* Begin PBXSourcesBuildPhase section */
		F613BA001BC18CA20018B101 /* Sources */ = {
			isa = PBXSourcesBuildPhase;
			buildActionMask = 2147483647;
			files = (
				F613BA101BC18CA20018B101 /* ViewController.m in Sources */,
				F613BA0D1BC18CA20018B101 /* AppDelegate.m in Sources */,
				F613BA0A1BC18CA20018B101 /* main.m in Sources */,
			);
			runOnlyForDeploymentPostprocessing = 0;
		};
		F613BA191BC18CA20018B101 /* Sources */ = {
			isa = PBXSourcesBuildPhase;
			buildActionMask = 2147483647;
			files = (
				F613BA241BC18CA20018B101 /* TipSubmissionTests.m in Sources */,
			);
			runOnlyForDeploymentPostprocessing = 0;
		};
/* End PBXSourcesBuildPhase section */

/* Begin PBXTargetDependency section */
		F613BA1F1BC18CA20018B101 /* PBXTargetDependency */ = {
			isa = PBXTargetDependency;
			target = F613BA031BC18CA20018B101 /* TipSubmission */;
			targetProxy = F613BA1E1BC18CA20018B101 /* PBXContainerItemProxy */;
		};
/* End PBXTargetDependency section */

/* Begin PBXVariantGroup section */
		F613BA111BC18CA20018B101 /* Main.storyboard */ = {
			isa = PBXVariantGroup;
			children = (
				F613BA121BC18CA20018B101 /* Base */,
			);
			name = Main.storyboard;
			sourceTree = "<group>";
		};
		F613BA161BC18CA20018B101 /* LaunchScreen.xib */ = {
			isa = PBXVariantGroup;
			children = (
				F613BA171BC18CA20018B101 /* Base */,
			);
			name = LaunchScreen.xib;
			sourceTree = "<group>";
		};
/* End PBXVariantGroup section */

/* Begin XCBuildConfiguration section */
		F613BA251BC18CA20018B101 /* Debug */ = {
			isa = XCBuildConfiguration;
			buildSettings = {
				ALWAYS_SEARCH_USER_PATHS = NO;
				CLANG_CXX_LANGUAGE_STANDARD = "gnu++0x";
				CLANG_CXX_LIBRARY = "libc++";
				CLANG_ENABLE_MODULES = YES;
				CLANG_ENABLE_OBJC_ARC = YES;
				CLANG_WARN_BOOL_CONVERSION = YES;
				CLANG_WARN_CONSTANT_CONVERSION = YES;
				CLANG_WARN_DIRECT_OBJC_ISA_USAGE = YES_ERROR;
				CLANG_WARN_EMPTY_BODY = YES;
				CLANG_WARN_ENUM_CONVERSION = YES;
				CLANG_WARN_INT_CONVERSION = YES;
				CLANG_WARN_OBJC_ROOT_CLASS = YES_ERROR;
				CLANG_WARN_UNREACHABLE_CODE = YES;
				CLANG_WARN__DUPLICATE_METHOD_MATCH = YES;
				"CODE_SIGN_IDENTITY[sdk=iphoneos*]" = "iPhone Developer";
				COPY_PHASE_STRIP = NO;
				ENABLE_STRICT_OBJC_MSGSEND = YES;
				GCC_C_LANGUAGE_STANDARD = gnu99;
				GCC_DYNAMIC_NO_PIC = NO;
				GCC_OPTIMIZATION_LEVEL = 0;
				GCC_PREPROCESSOR_DEFINITIONS = (
					"DEBUG=1",
					"$(inherited)",
				);
				GCC_SYMBOLS_PRIVATE_EXTERN = NO;
				GCC_WARN_64_TO_32_BIT_CONVERSION = YES;
				GCC_WARN_ABOUT_RETURN_TYPE = YES_ERROR;
				GCC_WARN_UNDECLARED_SELECTOR = YES;
				GCC_WARN_UNINITIALIZED_AUTOS = YES_AGGRESSIVE;
				GCC_WARN_UNUSED_FUNCTION = YES;
				GCC_WARN_UNUSED_VARIABLE = YES;
				IPHONEOS_DEPLOYMENT_TARGET = 8.2;
				MTL_ENABLE_DEBUG_INFO = YES;
				ONLY_ACTIVE_ARCH = YES;
				SDKROOT = iphoneos;
				TARGETED_DEVICE_FAMILY = "1,2";
			};
			name = Debug;
		};
		F613BA261BC18CA20018B101 /* Release */ = {
			isa = XCBuildConfiguration;
			buildSettings = {
				ALWAYS_SEARCH_USER_PATHS = NO;
				CLANG_CXX_LANGUAGE_STANDARD = "gnu++0x";
				CLANG_CXX_LIBRARY = "libc++";
				CLANG_ENABLE_MODULES = YES;
				CLANG_ENABLE_OBJC_ARC = YES;
				CLANG_WARN_BOOL_CONVERSION = YES;
				CLANG_WARN_CONSTANT_CONVERSION = YES;
				CLANG_WARN_DIRECT_OBJC_ISA_USAGE = YES_ERROR;
				CLANG_WARN_EMPTY_BODY = YES;
				CLANG_WARN_ENUM_CONVERSION = YES;
				CLANG_WARN_INT_CONVERSION = YES;
				CLANG_WARN_OBJC_ROOT_CLASS = YES_ERROR;
				CLANG_WARN_UNREACHABLE_CODE = YES;
				CLANG_WARN__DUPLICATE_METHOD_MATCH = YES;
				"CODE_SIGN_IDENTITY[sdk=iphoneos*]" = "iPhone Developer";
				COPY_PHASE_STRIP = NO;
				ENABLE_NS_ASSERTIONS = NO;
				ENABLE_STRICT_OBJC_MSGSEND = YES;
				GCC_C_LANGUAGE_STANDARD = gnu99;
				GCC_WARN_64_TO_32_BIT_CONVERSION = YES;
				GCC_WARN_ABOUT_RETURN_TYPE = YES_ERROR;
				GCC_WARN_UNDECLARED_SELECTOR = YES;
				GCC_WARN_UNINITIALIZED_AUTOS = YES_AGGRESSIVE;
				GCC_WARN_UNUSED_FUNCTION = YES;
				GCC_WARN_UNUSED_VARIABLE = YES;
				IPHONEOS_DEPLOYMENT_TARGET = 8.2;
				MTL_ENABLE_DEBUG_INFO = NO;
				SDKROOT = iphoneos;
				TARGETED_DEVICE_FAMILY = "1,2";
				VALIDATE_PRODUCT = YES;
			};
			name = Release;
		};
		F613BA281BC18CA20018B101 /* Debug */ = {
			isa = XCBuildConfiguration;
			buildSettings = {
				ASSETCATALOG_COMPILER_APPICON_NAME = AppIcon;
				INFOPLIST_FILE = TipSubmission/Info.plist;
				LD_RUNPATH_SEARCH_PATHS = "$(inherited) @executable_path/Frameworks";
				PRODUCT_NAME = "$(TARGET_NAME)";
			};
			name = Debug;
		};
		F613BA291BC18CA20018B101 /* Release */ = {
			isa = XCBuildConfiguration;
			buildSettings = {
				ASSETCATALOG_COMPILER_APPICON_NAME = AppIcon;
				INFOPLIST_FILE = TipSubmission/Info.plist;
				LD_RUNPATH_SEARCH_PATHS = "$(inherited) @executable_path/Frameworks";
				PRODUCT_NAME = "$(TARGET_NAME)";
			};
			name = Release;
		};
		F613BA2B1BC18CA20018B101 /* Debug */ = {
			isa = XCBuildConfiguration;
			buildSettings = {
				BUNDLE_LOADER = "$(TEST_HOST)";
				FRAMEWORK_SEARCH_PATHS = (
					"$(SDKROOT)/Developer/Library/Frameworks",
					"$(inherited)",
				);
				GCC_PREPROCESSOR_DEFINITIONS = (
					"DEBUG=1",
					"$(inherited)",
				);
				INFOPLIST_FILE = TipSubmissionTests/Info.plist;
				LD_RUNPATH_SEARCH_PATHS = "$(inherited) @executable_path/Frameworks @loader_path/Frameworks";
				PRODUCT_NAME = "$(TARGET_NAME)";
				TEST_HOST = "$(BUILT_PRODUCTS_DIR)/TipSubmission.app/TipSubmission";
			};
			name = Debug;
		};
		F613BA2C1BC18CA20018B101 /* Release */ = {
			isa = XCBuildConfiguration;
			buildSettings = {
				BUNDLE_LOADER = "$(TEST_HOST)";
				FRAMEWORK_SEARCH_PATHS = (
					"$(SDKROOT)/Developer/Library/Frameworks",
					"$(inherited)",
				);
				INFOPLIST_FILE = TipSubmissionTests/Info.plist;
				LD_RUNPATH_SEARCH_PATHS = "$(inherited) @executable_path/Frameworks @loader_path/Frameworks";
				PRODUCT_NAME = "$(TARGET_NAME)";
				TEST_HOST = "$(BUILT_PRODUCTS_DIR)/TipSubmission.app/TipSubmission";
			};
			name = Release;
		};
/* End XCBuildConfiguration section */

/* Begin XCConfigurationList section */
		F613B9FF1BC18CA20018B101 /* Build configuration list for PBXProject "TipSubmission" */ = {
			isa = XCConfigurationList;
			buildConfigurations = (
				F613BA251BC18CA20018B101 /* Debug */,
				F613BA261BC18CA20018B101 /* Release */,
			);
			defaultConfigurationIsVisible = 0;
			defaultConfigurationName = Release;
		};
		F613BA271BC18CA20018B101 /* Build configuration list for PBXNativeTarget "TipSubmission" */ = {
			isa = XCConfigurationList;
			buildConfigurations = (
				F613BA281BC18CA20018B101 /* Debug */,
				F613BA291BC18CA20018B101 /* Release */,
			);
			defaultConfigurationIsVisible = 0;
		};
		F613BA2A1BC18CA20018B101 /* Build configuration list for PBXNativeTarget "TipSubmissionTests" */ = {
			isa = XCConfigurationList;
			buildConfigurations = (
				F613BA2B1BC18CA20018B101 /* Debug */,
				F613BA2C1BC18CA20018B101 /* Release */,
			);
			defaultConfigurationIsVisible = 0;
		};
/* End XCConfigurationList section */
	};
	rootObject = F613B9FC1BC18CA20018B101 /* Project object */;
}
